
Microsoft Visual Studio Solution File, Format Version 12.00
# Visual Studio Version 17
VisualStudioVersion = 17.9.34902.65
MinimumVisualStudioVersion = 10.0.40219.1
Project("{FAE04EC0-301F-11D3-BF4B-00C04F79EFBC}") = "DVLD", "DVLD\DVLD.csproj", "{C8D2098E-E140-4305-84BA-A68BFDE03187}"
EndProject
Project("{FAE04EC0-301F-11D3-BF4B-00C04F79EFBC}") = "DVLD_Buisness", "..\DVLD_Buisness\DVLD_Buisness.csproj", "{432C64E2-D78B-4E4A-B715-62DEED74A0EA}"
EndProject
Project("{FAE04EC0-301F-11D3-BF4B-00C04F79EFBC}") = "DVLD_DataAccess", "..\DVLD_DataAccess\DVLD_DataAccess.csproj", "{71236B36-CCC9-4C54-AC32-D5C5F38AFB52}"
EndProject
Global
	GlobalSection(SolutionConfigurationPlatforms) = preSolution
		Debug|Any CPU = Debug|Any CPU
		Release|Any CPU = Release|Any CPU
	EndGlobalSection
	GlobalSection(ProjectConfigurationPlatforms) = postSolution
		{C8D2098E-E140-4305-84BA-A68BFDE03187}.Debug|Any CPU.ActiveCfg = Debug|Any CPU
		{C8D2098E-E140-4305-84BA-A68BFDE03187}.Debug|Any CPU.Build.0 = Debug|Any CPU
		{C8D2098E-E140-4305-84BA-A68BFDE03187}.Release|Any CPU.ActiveCfg = Release|Any CPU
		{C8D2098E-E140-4305-84BA-A68BFDE03187}.Release|Any CPU.Build.0 = Release|Any CPU
		{432C64E2-D78B-4E4A-B715-62DEED74A0EA}.Debug|Any CPU.ActiveCfg = Debug|Any CPU
		{432C64E2-D78B-4E4A-B715-62DEED74A0EA}.Debug|Any CPU.Build.0 = Debug|Any CPU
		{432C64E2-D78B-4E4A-B715-62DEED74A0EA}.Release|Any CPU.ActiveCfg = Release|Any CPU
		{432C64E2-D78B-4E4A-B715-62DEED74A0EA}.Release|Any CPU.Build.0 = Release|Any CPU
		{71236B36-CCC9-4C54-AC32-D5C5F38AFB52}.Debug|Any CPU.ActiveCfg = Debug|Any CPU
		{71236B36-CCC9-4C54-AC32-D5C5F38AFB52}.Debug|Any CPU.Build.0 = Debug|Any CPU
		{71236B36-CCC9-4C54-AC32-D5C5F38AFB52}.Release|Any CPU.ActiveCfg = Release|Any CPU
		{71236B36-CCC9-4C54-AC32-D5C5F38AFB52}.Release|Any CPU.Build.0 = Release|Any CPU
	EndGlobalSection
	GlobalSection(SolutionProperties) = preSolution
		HideSolutionNode = FALSE
	EndGlobalSection
	GlobalSection(ExtensibilityGlobals) = postSolution
		SolutionGuid = {879B57B4-512C-46F8-AD5C-022DEAD07057}
	EndGlobalSection
EndGlobal
